
Microsoft Visual Studio Solution File, Format Version 12.00
# Visual Studio Version 16
VisualStudioVersion = 16.0.31402.337
MinimumVisualStudioVersion = 10.0.40219.1
Project("{9A19103F-16F7-4668-BE54-9A1E7A4F7556}") = "Mc2.CoinMarketCap.NetStandard", "Mc2.CoinMarketCap.NetStandard\Mc2.CoinMarketCap.NetStandard.csproj", "{82437F08-013B-44D6-A049-4CD1F94AD938}"
EndProject
Project("{9A19103F-16F7-4668-BE54-9A1E7A4F7556}") = "Mc2.CoinMarketCap.NetStandard.Tests", "Mc2.CoinMarketCap.NetStandard.Tests\Mc2.CoinMarketCap.NetStandard.Tests.csproj", "{6871F5CD-CFA3-4FED-ADFE-1E4BFC7F131F}"
EndProject
Project("{2150E333-8FDC-42A3-9474-1A3956D46DE8}") = "Solution Items", "Solution Items", "{24032004-22DF-4E7C-9338-97954E9DC0DF}"
	ProjectSection(SolutionItems) = preProject
		LICENSE.md = LICENSE.md
		Mc2.CoinMarketCap.NetStandard.DotSettings = Mc2.CoinMarketCap.NetStandard.DotSettings
		README.md = README.md
	EndProjectSection
EndProject
Project("{9A19103F-16F7-4668-BE54-9A1E7A4F7556}") = "Azihub.Appstract.ApiClient", "..\appstract-apiclient\Azihub.Appstract.ApiClient\Azihub.Appstract.ApiClient.csproj", "{2702B715-E596-4527-8206-D52314D06719}"
EndProject
Global
	GlobalSection(SolutionConfigurationPlatforms) = preSolution
		Debug|Any CPU = Debug|Any CPU
		Release|Any CPU = Release|Any CPU
	EndGlobalSection
	GlobalSection(ProjectConfigurationPlatforms) = postSolution
		{82437F08-013B-44D6-A049-4CD1F94AD938}.Debug|Any CPU.ActiveCfg = Debug|Any CPU
		{82437F08-013B-44D6-A049-4CD1F94AD938}.Debug|Any CPU.Build.0 = Debug|Any CPU
		{82437F08-013B-44D6-A049-4CD1F94AD938}.Release|Any CPU.ActiveCfg = Release|Any CPU
		{82437F08-013B-44D6-A049-4CD1F94AD938}.Release|Any CPU.Build.0 = Release|Any CPU
		{6871F5CD-CFA3-4FED-ADFE-1E4BFC7F131F}.Debug|Any CPU.ActiveCfg = Debug|Any CPU
		{6871F5CD-CFA3-4FED-ADFE-1E4BFC7F131F}.Debug|Any CPU.Build.0 = Debug|Any CPU
		{6871F5CD-CFA3-4FED-ADFE-1E4BFC7F131F}.Release|Any CPU.ActiveCfg = Release|Any CPU
		{6871F5CD-CFA3-4FED-ADFE-1E4BFC7F131F}.Release|Any CPU.Build.0 = Release|Any CPU
		{2702B715-E596-4527-8206-D52314D06719}.Debug|Any CPU.ActiveCfg = Debug|Any CPU
		{2702B715-E596-4527-8206-D52314D06719}.Debug|Any CPU.Build.0 = Debug|Any CPU
		{2702B715-E596-4527-8206-D52314D06719}.Release|Any CPU.ActiveCfg = Release|Any CPU
		{2702B715-E596-4527-8206-D52314D06719}.Release|Any CPU.Build.0 = Release|Any CPU
	EndGlobalSection
	GlobalSection(SolutionProperties) = preSolution
		HideSolutionNode = FALSE
	EndGlobalSection
	GlobalSection(ExtensibilityGlobals) = postSolution
		SolutionGuid = {D7EB8D0C-AEC4-4EDF-A324-B3D3B4CB091C}
	EndGlobalSection
EndGlobal
